<Solution>
  <Folder Name="/database/">
    <File Path="../../../Videos/database/001_create_database.sql" />
    <File Path="../../../Videos/database/002_seed_reference_and_demo_data.sql" />
    <File Path="../../../Videos/database/003_validation_queries.sql" />
    <File Path="../../../Videos/database/004_create_application_security.sql" />
    <File Path="../../../Videos/database/ANALYTICS_ARCHITECTURE.md" />
    <File Path="../../../Videos/database/CSV_CONTRACTS.md" />
    <File Path="../../../Videos/database/NORMALIZATION.md" />
    <File Path="../../../Videos/database/README.md" />
    <File Path="012_create_dashboard_api.sql" />
    <File Path="013_create_dispatch_board_api.sql" />
    <File Path="014_create_trip_details_api.sql" />
    <File Path="015_create_trips_list_api.sql" />
    <File Path="019_create_load_update_api.sql" />
  </Folder>
  <Folder Name="/database/sample-data/">
    <File Path="../../../Videos/database/sample-data/customers.csv" />
    <File Path="../../../Videos/database/sample-data/drivers.csv" />
    <File Path="../../../Videos/database/sample-data/loads.csv" />
    <File Path="../../../Videos/database/sample-data/locations.csv" />
    <File Path="../../../Videos/database/sample-data/route_points.csv" />
    <File Path="../../../Videos/database/sample-data/trailers.csv" />
    <File Path="../../../Videos/database/sample-data/trips.csv" />
    <File Path="../../../Videos/database/sample-data/trip_stops.csv" />
    <File Path="../../../Videos/database/sample-data/vehicles.csv" />
    <File Path="016_create_loads_list_api.sql" />
    <File Path="017_seed_extended_demo_data.sql" />
<<<<<<< HEAD
=======
    <File Path="018_create_load_details_api.sql" />
>>>>>>> c1969a3 (Add loads module and load details workflowAdd loads module and extended demo dataset)
  </Folder>
  <Project Path="FleetFlow.Application/FleetFlow.Application.csproj" Id="9ce886dc-17ed-424a-a488-c78ebc964daf" />
  <Project Path="FleetFlow.Dispatch.WinForms/FleetFlow.Dispatch.WinForms.csproj" />
  <Project Path="FleetFlow.Domain/FleetFlow.Domain.csproj" Id="9708ff22-a4ef-41b9-9ce0-0818438839ca" />
  <Project Path="FleetFlow.Infrastructure/FleetFlow.Infrastructure.csproj" Id="10ec46d6-e2e4-4c8e-946f-bf4481bf125a" />
</Solution>
