
Microsoft Visual Studio Solution File, Format Version 12.00
# Visual Studio Version 17
VisualStudioVersion = 17.0.31903.59
MinimumVisualStudioVersion = 10.0.40219.1
Project("{FAE04EC0-301F-11D3-BF4B-00C04F79EFBC}") = "FleetFlow.Domain", "FleetFlow.Domain\FleetFlow.Domain.csproj", "{8361A438-DF93-434E-ADB6-2C3D9BA8AFC2}"
EndProject
Project("{FAE04EC0-301F-11D3-BF4B-00C04F79EFBC}") = "FleetFlow.Application", "FleetFlow.Application\FleetFlow.Application.csproj", "{022FFA5A-C81A-447A-86F9-B5FBCB8E6D61}"
EndProject
Project("{FAE04EC0-301F-11D3-BF4B-00C04F79EFBC}") = "FleetFlow.Infrastructure", "FleetFlow.Infrastructure\FleetFlow.Infrastructure.csproj", "{E2BC0BD4-25B1-4D10-909F-C089AEB93F96}"
EndProject
Project("{FAE04EC0-301F-11D3-BF4B-00C04F79EFBC}") = "FleetFlow.Dispatch.WinForms", "FleetFlow.Dispatch.WinForms\FleetFlow.Dispatch.WinForms.csproj", "{CB8E486C-3168-4632-874E-776F3C7D073B}"
EndProject
Global
	GlobalSection(SolutionConfigurationPlatforms) = preSolution
		Debug|Any CPU = Debug|Any CPU
		Debug|x64 = Debug|x64
		Debug|x86 = Debug|x86
		Release|Any CPU = Release|Any CPU
		Release|x64 = Release|x64
		Release|x86 = Release|x86
	EndGlobalSection
	GlobalSection(ProjectConfigurationPlatforms) = postSolution
		{8361A438-DF93-434E-ADB6-2C3D9BA8AFC2}.Debug|Any CPU.ActiveCfg = Debug|Any CPU
		{8361A438-DF93-434E-ADB6-2C3D9BA8AFC2}.Debug|Any CPU.Build.0 = Debug|Any CPU
		{8361A438-DF93-434E-ADB6-2C3D9BA8AFC2}.Debug|x64.ActiveCfg = Debug|Any CPU
		{8361A438-DF93-434E-ADB6-2C3D9BA8AFC2}.Debug|x64.Build.0 = Debug|Any CPU
		{8361A438-DF93-434E-ADB6-2C3D9BA8AFC2}.Debug|x86.ActiveCfg = Debug|Any CPU
		{8361A438-DF93-434E-ADB6-2C3D9BA8AFC2}.Debug|x86.Build.0 = Debug|Any CPU
		{8361A438-DF93-434E-ADB6-2C3D9BA8AFC2}.Release|Any CPU.ActiveCfg = Release|Any CPU
		{8361A438-DF93-434E-ADB6-2C3D9BA8AFC2}.Release|Any CPU.Build.0 = Release|Any CPU
		{8361A438-DF93-434E-ADB6-2C3D9BA8AFC2}.Release|x64.ActiveCfg = Release|Any CPU
		{8361A438-DF93-434E-ADB6-2C3D9BA8AFC2}.Release|x64.Build.0 = Release|Any CPU
		{8361A438-DF93-434E-ADB6-2C3D9BA8AFC2}.Release|x86.ActiveCfg = Release|Any CPU
		{8361A438-DF93-434E-ADB6-2C3D9BA8AFC2}.Release|x86.Build.0 = Release|Any CPU
		{022FFA5A-C81A-447A-86F9-B5FBCB8E6D61}.Debug|Any CPU.ActiveCfg = Debug|Any CPU
		{022FFA5A-C81A-447A-86F9-B5FBCB8E6D61}.Debug|Any CPU.Build.0 = Debug|Any CPU
		{022FFA5A-C81A-447A-86F9-B5FBCB8E6D61}.Debug|x64.ActiveCfg = Debug|Any CPU
		{022FFA5A-C81A-447A-86F9-B5FBCB8E6D61}.Debug|x64.Build.0 = Debug|Any CPU
		{022FFA5A-C81A-447A-86F9-B5FBCB8E6D61}.Debug|x86.ActiveCfg = Debug|Any CPU
		{022FFA5A-C81A-447A-86F9-B5FBCB8E6D61}.Debug|x86.Build.0 = Debug|Any CPU
		{022FFA5A-C81A-447A-86F9-B5FBCB8E6D61}.Release|Any CPU.ActiveCfg = Release|Any CPU
		{022FFA5A-C81A-447A-86F9-B5FBCB8E6D61}.Release|Any CPU.Build.0 = Release|Any CPU
		{022FFA5A-C81A-447A-86F9-B5FBCB8E6D61}.Release|x64.ActiveCfg = Release|Any CPU
		{022FFA5A-C81A-447A-86F9-B5FBCB8E6D61}.Release|x64.Build.0 = Release|Any CPU
		{022FFA5A-C81A-447A-86F9-B5FBCB8E6D61}.Release|x86.ActiveCfg = Release|Any CPU
		{022FFA5A-C81A-447A-86F9-B5FBCB8E6D61}.Release|x86.Build.0 = Release|Any CPU
		{E2BC0BD4-25B1-4D10-909F-C089AEB93F96}.Debug|Any CPU.ActiveCfg = Debug|Any CPU
		{E2BC0BD4-25B1-4D10-909F-C089AEB93F96}.Debug|Any CPU.Build.0 = Debug|Any CPU
		{E2BC0BD4-25B1-4D10-909F-C089AEB93F96}.Debug|x64.ActiveCfg = Debug|Any CPU
		{E2BC0BD4-25B1-4D10-909F-C089AEB93F96}.Debug|x64.Build.0 = Debug|Any CPU
		{E2BC0BD4-25B1-4D10-909F-C089AEB93F96}.Debug|x86.ActiveCfg = Debug|Any CPU
		{E2BC0BD4-25B1-4D10-909F-C089AEB93F96}.Debug|x86.Build.0 = Debug|Any CPU
		{E2BC0BD4-25B1-4D10-909F-C089AEB93F96}.Release|Any CPU.ActiveCfg = Release|Any CPU
		{E2BC0BD4-25B1-4D10-909F-C089AEB93F96}.Release|Any CPU.Build.0 = Release|Any CPU
		{E2BC0BD4-25B1-4D10-909F-C089AEB93F96}.Release|x64.ActiveCfg = Release|Any CPU
		{E2BC0BD4-25B1-4D10-909F-C089AEB93F96}.Release|x64.Build.0 = Release|Any CPU
		{E2BC0BD4-25B1-4D10-909F-C089AEB93F96}.Release|x86.ActiveCfg = Release|Any CPU
		{E2BC0BD4-25B1-4D10-909F-C089AEB93F96}.Release|x86.Build.0 = Release|Any CPU
		{CB8E486C-3168-4632-874E-776F3C7D073B}.Debug|Any CPU.ActiveCfg = Debug|Any CPU
		{CB8E486C-3168-4632-874E-776F3C7D073B}.Debug|Any CPU.Build.0 = Debug|Any CPU
		{CB8E486C-3168-4632-874E-776F3C7D073B}.Debug|x64.ActiveCfg = Debug|Any CPU
		{CB8E486C-3168-4632-874E-776F3C7D073B}.Debug|x64.Build.0 = Debug|Any CPU
		{CB8E486C-3168-4632-874E-776F3C7D073B}.Debug|x86.ActiveCfg = Debug|Any CPU
		{CB8E486C-3168-4632-874E-776F3C7D073B}.Debug|x86.Build.0 = Debug|Any CPU
		{CB8E486C-3168-4632-874E-776F3C7D073B}.Release|Any CPU.ActiveCfg = Release|Any CPU
		{CB8E486C-3168-4632-874E-776F3C7D073B}.Release|Any CPU.Build.0 = Release|Any CPU
		{CB8E486C-3168-4632-874E-776F3C7D073B}.Release|x64.ActiveCfg = Release|Any CPU
		{CB8E486C-3168-4632-874E-776F3C7D073B}.Release|x64.Build.0 = Release|Any CPU
		{CB8E486C-3168-4632-874E-776F3C7D073B}.Release|x86.ActiveCfg = Release|Any CPU
		{CB8E486C-3168-4632-874E-776F3C7D073B}.Release|x86.Build.0 = Release|Any CPU
	EndGlobalSection
	GlobalSection(SolutionProperties) = preSolution
		HideSolutionNode = FALSE
	EndGlobalSection
EndGlobal
